
Microsoft Visual Studio Solution File, Format Version 12.00
# Visual Studio Version 16
VisualStudioVersion = 16.0.30611.23
MinimumVisualStudioVersion = 10.0.40219.1
Project("{FAE04EC0-301F-11D3-BF4B-00C04F79EFBC}") = "DataAutomization", "DataAutomization\DataAutomization.csproj", "{FE64AC05-72EA-4701-8C5C-10FFEFA76498}"
EndProject
Global
	GlobalSection(SolutionConfigurationPlatforms) = preSolution
		Debug|Any CPU = Debug|Any CPU
		Release|Any CPU = Release|Any CPU
	EndGlobalSection
	GlobalSection(ProjectConfigurationPlatforms) = postSolution
		{FE64AC05-72EA-4701-8C5C-10FFEFA76498}.Debug|Any CPU.ActiveCfg = Debug|Any CPU
		{FE64AC05-72EA-4701-8C5C-10FFEFA76498}.Debug|Any CPU.Build.0 = Debug|Any CPU
		{FE64AC05-72EA-4701-8C5C-10FFEFA76498}.Release|Any CPU.ActiveCfg = Release|Any CPU
		{FE64AC05-72EA-4701-8C5C-10FFEFA76498}.Release|Any CPU.Build.0 = Release|Any CPU
	EndGlobalSection
	GlobalSection(SolutionProperties) = preSolution
		HideSolutionNode = FALSE
	EndGlobalSection
	GlobalSection(ExtensibilityGlobals) = postSolution
		SolutionGuid = {9B6F2A6F-0D27-4512-9772-F1550D6084D1}
	EndGlobalSection
EndGlobal
