
Microsoft Visual Studio Solution File, Format Version 12.00
# Visual Studio Version 16
VisualStudioVersion = 16.0.30611.23
MinimumVisualStudioVersion = 10.0.40219.1
Project("{FAE04EC0-301F-11D3-BF4B-00C04F79EFBC}") = "Laboratorium_4", "Laboratorium_4\Laboratorium_4.csproj", "{9266E7ED-C8F1-44A9-B752-B88CE5DED05F}"
EndProject
Global
	GlobalSection(SolutionConfigurationPlatforms) = preSolution
		Debug|Any CPU = Debug|Any CPU
		Release|Any CPU = Release|Any CPU
	EndGlobalSection
	GlobalSection(ProjectConfigurationPlatforms) = postSolution
		{9266E7ED-C8F1-44A9-B752-B88CE5DED05F}.Debug|Any CPU.ActiveCfg = Debug|Any CPU
		{9266E7ED-C8F1-44A9-B752-B88CE5DED05F}.Debug|Any CPU.Build.0 = Debug|Any CPU
		{9266E7ED-C8F1-44A9-B752-B88CE5DED05F}.Release|Any CPU.ActiveCfg = Release|Any CPU
		{9266E7ED-C8F1-44A9-B752-B88CE5DED05F}.Release|Any CPU.Build.0 = Release|Any CPU
	EndGlobalSection
	GlobalSection(SolutionProperties) = preSolution
		HideSolutionNode = FALSE
	EndGlobalSection
	GlobalSection(ExtensibilityGlobals) = postSolution
		SolutionGuid = {91AB7994-A2B7-4DF9-AEF2-D9A2ACE4EDE9}
	EndGlobalSection
EndGlobal
